
Microsoft Visual Studio Solution File, Format Version 12.00
# Visual Studio Version 17
VisualStudioVersion = 17.5.002.0
MinimumVisualStudioVersion = 10.0.40219.1
Project("{9A19103F-16F7-4668-BE54-9A1E7A4F7556}") = "cosmosdb", "cosmosdb\cosmosdb.csproj", "{740A0567-00E0-4A91-9ED8-8B354FA2D10B}"
EndProject
Project("{9A19103F-16F7-4668-BE54-9A1E7A4F7556}") = "ewu-fn", "ewu-fn\ewu-fn.csproj", "{C2F29CE3-4E0D-4FAC-95C8-79AD40104CAF}"
EndProject
Project("{9A19103F-16F7-4668-BE54-9A1E7A4F7556}") = "rediscache", "rediscache\rediscache.csproj", "{F952C11E-EFD5-4562-8E67-9D3C228A7DF6}"
EndProject
Project("{9A19103F-16F7-4668-BE54-9A1E7A4F7556}") = "test-appsvc", "test-appsvc\test-appsvc.csproj", "{D0BC190A-FEF8-416E-AA9C-F622494816B5}"
EndProject
Project("{9A19103F-16F7-4668-BE54-9A1E7A4F7556}") = "test-fn", "test-fn\test-fn.csproj", "{E078664B-F33E-4052-80CC-C0999EEFEB5C}"
EndProject
Project("{9A19103F-16F7-4668-BE54-9A1E7A4F7556}") = "test-hub", "test-hub\test-hub.csproj", "{53ABBB8C-8A3A-4FF5-B92B-DB538020A0B8}"
EndProject
Project("{9A19103F-16F7-4668-BE54-9A1E7A4F7556}") = "test-queue", "test-queue\test-queue.csproj", "{6F7C1465-49C3-483D-93B4-31646ABAF607}"
EndProject
Project("{9A19103F-16F7-4668-BE54-9A1E7A4F7556}") = "test-sb", "test-sb\test-sb.csproj", "{678F0300-D5B9-4298-AE23-9AB4B1F36908}"
EndProject
Project("{9A19103F-16F7-4668-BE54-9A1E7A4F7556}") = "test-sb-rcv", "test-sb-rcv\test-sb-rcv.csproj", "{4558BDDC-CBE9-4F16-AAE2-3A7D642E93EE}"
EndProject
Project("{9A19103F-16F7-4668-BE54-9A1E7A4F7556}") = "test-sb-t", "test-sb-t\test-sb-t.csproj", "{DD0D7349-7EA1-4AFE-8531-F1095897B0A2}"
EndProject
Project("{9A19103F-16F7-4668-BE54-9A1E7A4F7556}") = "test-sb-t-rcv", "test-sb-t-rcv\test-sb-t-rcv.csproj", "{DE41E413-38DF-42CA-B4FC-0D90D065CC58}"
EndProject
Global
	GlobalSection(SolutionConfigurationPlatforms) = preSolution
		Debug|Any CPU = Debug|Any CPU
		Release|Any CPU = Release|Any CPU
	EndGlobalSection
	GlobalSection(ProjectConfigurationPlatforms) = postSolution
		{740A0567-00E0-4A91-9ED8-8B354FA2D10B}.Debug|Any CPU.ActiveCfg = Debug|Any CPU
		{740A0567-00E0-4A91-9ED8-8B354FA2D10B}.Debug|Any CPU.Build.0 = Debug|Any CPU
		{740A0567-00E0-4A91-9ED8-8B354FA2D10B}.Release|Any CPU.ActiveCfg = Release|Any CPU
		{740A0567-00E0-4A91-9ED8-8B354FA2D10B}.Release|Any CPU.Build.0 = Release|Any CPU
		{C2F29CE3-4E0D-4FAC-95C8-79AD40104CAF}.Debug|Any CPU.ActiveCfg = Debug|Any CPU
		{C2F29CE3-4E0D-4FAC-95C8-79AD40104CAF}.Debug|Any CPU.Build.0 = Debug|Any CPU
		{C2F29CE3-4E0D-4FAC-95C8-79AD40104CAF}.Release|Any CPU.ActiveCfg = Release|Any CPU
		{C2F29CE3-4E0D-4FAC-95C8-79AD40104CAF}.Release|Any CPU.Build.0 = Release|Any CPU
		{F952C11E-EFD5-4562-8E67-9D3C228A7DF6}.Debug|Any CPU.ActiveCfg = Debug|Any CPU
		{F952C11E-EFD5-4562-8E67-9D3C228A7DF6}.Debug|Any CPU.Build.0 = Debug|Any CPU
		{F952C11E-EFD5-4562-8E67-9D3C228A7DF6}.Release|Any CPU.ActiveCfg = Release|Any CPU
		{F952C11E-EFD5-4562-8E67-9D3C228A7DF6}.Release|Any CPU.Build.0 = Release|Any CPU
		{D0BC190A-FEF8-416E-AA9C-F622494816B5}.Debug|Any CPU.ActiveCfg = Debug|Any CPU
		{D0BC190A-FEF8-416E-AA9C-F622494816B5}.Debug|Any CPU.Build.0 = Debug|Any CPU
		{D0BC190A-FEF8-416E-AA9C-F622494816B5}.Release|Any CPU.ActiveCfg = Release|Any CPU
		{D0BC190A-FEF8-416E-AA9C-F622494816B5}.Release|Any CPU.Build.0 = Release|Any CPU
		{E078664B-F33E-4052-80CC-C0999EEFEB5C}.Debug|Any CPU.ActiveCfg = Debug|Any CPU
		{E078664B-F33E-4052-80CC-C0999EEFEB5C}.Debug|Any CPU.Build.0 = Debug|Any CPU
		{E078664B-F33E-4052-80CC-C0999EEFEB5C}.Release|Any CPU.ActiveCfg = Release|Any CPU
		{E078664B-F33E-4052-80CC-C0999EEFEB5C}.Release|Any CPU.Build.0 = Release|Any CPU
		{53ABBB8C-8A3A-4FF5-B92B-DB538020A0B8}.Debug|Any CPU.ActiveCfg = Debug|Any CPU
		{53ABBB8C-8A3A-4FF5-B92B-DB538020A0B8}.Debug|Any CPU.Build.0 = Debug|Any CPU
		{53ABBB8C-8A3A-4FF5-B92B-DB538020A0B8}.Release|Any CPU.ActiveCfg = Release|Any CPU
		{53ABBB8C-8A3A-4FF5-B92B-DB538020A0B8}.Release|Any CPU.Build.0 = Release|Any CPU
		{6F7C1465-49C3-483D-93B4-31646ABAF607}.Debug|Any CPU.ActiveCfg = Debug|Any CPU
		{6F7C1465-49C3-483D-93B4-31646ABAF607}.Debug|Any CPU.Build.0 = Debug|Any CPU
		{6F7C1465-49C3-483D-93B4-31646ABAF607}.Release|Any CPU.ActiveCfg = Release|Any CPU
		{6F7C1465-49C3-483D-93B4-31646ABAF607}.Release|Any CPU.Build.0 = Release|Any CPU
		{678F0300-D5B9-4298-AE23-9AB4B1F36908}.Debug|Any CPU.ActiveCfg = Debug|Any CPU
		{678F0300-D5B9-4298-AE23-9AB4B1F36908}.Debug|Any CPU.Build.0 = Debug|Any CPU
		{678F0300-D5B9-4298-AE23-9AB4B1F36908}.Release|Any CPU.ActiveCfg = Release|Any CPU
		{678F0300-D5B9-4298-AE23-9AB4B1F36908}.Release|Any CPU.Build.0 = Release|Any CPU
		{4558BDDC-CBE9-4F16-AAE2-3A7D642E93EE}.Debug|Any CPU.ActiveCfg = Debug|Any CPU
		{4558BDDC-CBE9-4F16-AAE2-3A7D642E93EE}.Debug|Any CPU.Build.0 = Debug|Any CPU
		{4558BDDC-CBE9-4F16-AAE2-3A7D642E93EE}.Release|Any CPU.ActiveCfg = Release|Any CPU
		{4558BDDC-CBE9-4F16-AAE2-3A7D642E93EE}.Release|Any CPU.Build.0 = Release|Any CPU
		{DD0D7349-7EA1-4AFE-8531-F1095897B0A2}.Debug|Any CPU.ActiveCfg = Debug|Any CPU
		{DD0D7349-7EA1-4AFE-8531-F1095897B0A2}.Debug|Any CPU.Build.0 = Debug|Any CPU
		{DD0D7349-7EA1-4AFE-8531-F1095897B0A2}.Release|Any CPU.ActiveCfg = Release|Any CPU
		{DD0D7349-7EA1-4AFE-8531-F1095897B0A2}.Release|Any CPU.Build.0 = Release|Any CPU
		{DE41E413-38DF-42CA-B4FC-0D90D065CC58}.Debug|Any CPU.ActiveCfg = Debug|Any CPU
		{DE41E413-38DF-42CA-B4FC-0D90D065CC58}.Debug|Any CPU.Build.0 = Debug|Any CPU
		{DE41E413-38DF-42CA-B4FC-0D90D065CC58}.Release|Any CPU.ActiveCfg = Release|Any CPU
		{DE41E413-38DF-42CA-B4FC-0D90D065CC58}.Release|Any CPU.Build.0 = Release|Any CPU
	EndGlobalSection
	GlobalSection(SolutionProperties) = preSolution
		HideSolutionNode = FALSE
	EndGlobalSection
	GlobalSection(ExtensibilityGlobals) = postSolution
		SolutionGuid = {5CB79BC0-051B-4CF2-8A00-F321F3B4EAE2}
	EndGlobalSection
EndGlobal
