
Microsoft Visual Studio Solution File, Format Version 12.00
# Visual Studio Version 17
VisualStudioVersion = 17.5.002.0
MinimumVisualStudioVersion = 10.0.40219.1
Project("{9A19103F-16F7-4668-BE54-9A1E7A4F7556}") = "fn-eg-blob-trigger", "fn-eg-blob-trigger.csproj", "{903F257D-0876-4CDB-8339-34486097E2A8}"
EndProject
Global
	GlobalSection(SolutionConfigurationPlatforms) = preSolution
		Debug|Any CPU = Debug|Any CPU
		Release|Any CPU = Release|Any CPU
	EndGlobalSection
	GlobalSection(ProjectConfigurationPlatforms) = postSolution
		{903F257D-0876-4CDB-8339-34486097E2A8}.Debug|Any CPU.ActiveCfg = Debug|Any CPU
		{903F257D-0876-4CDB-8339-34486097E2A8}.Debug|Any CPU.Build.0 = Debug|Any CPU
		{903F257D-0876-4CDB-8339-34486097E2A8}.Release|Any CPU.ActiveCfg = Release|Any CPU
		{903F257D-0876-4CDB-8339-34486097E2A8}.Release|Any CPU.Build.0 = Release|Any CPU
	EndGlobalSection
	GlobalSection(SolutionProperties) = preSolution
		HideSolutionNode = FALSE
	EndGlobalSection
	GlobalSection(ExtensibilityGlobals) = postSolution
		SolutionGuid = {5023E3B9-5C91-46CF-AC62-5D63A39DD1C7}
	EndGlobalSection
EndGlobal
